
Microsoft Visual Studio Solution File, Format Version 12.00
# Visual Studio Version 17
VisualStudioVersion = 17.0.31912.275
MinimumVisualStudioVersion = 10.0.40219.1
Project("{9A19103F-16F7-4668-BE54-9A1E7A4F7556}") = "DesafioJuntoSeguros", "DesafioJuntoSeguros\DesafioJuntoSeguros.csproj", "{0E209090-248C-4C6B-A8F1-12871EF22894}"
EndProject
Project("{2150E333-8FDC-42A3-9474-1A3956D46DE8}") = "Testes", "Testes", "{D771835A-FB4A-4459-8F8A-4B9FFC7DCE6F}"
EndProject
Project("{FAE04EC0-301F-11D3-BF4B-00C04F79EFBC}") = "Testes.Application", "Testes.Application\Testes.Application.csproj", "{CBAA2B60-7E54-4749-B9FF-158C420582B9}"
EndProject
Global
	GlobalSection(SolutionConfigurationPlatforms) = preSolution
		Debug|Any CPU = Debug|Any CPU
		Release|Any CPU = Release|Any CPU
	EndGlobalSection
	GlobalSection(ProjectConfigurationPlatforms) = postSolution
		{0E209090-248C-4C6B-A8F1-12871EF22894}.Debug|Any CPU.ActiveCfg = Debug|Any CPU
		{0E209090-248C-4C6B-A8F1-12871EF22894}.Debug|Any CPU.Build.0 = Debug|Any CPU
		{0E209090-248C-4C6B-A8F1-12871EF22894}.Release|Any CPU.ActiveCfg = Release|Any CPU
		{0E209090-248C-4C6B-A8F1-12871EF22894}.Release|Any CPU.Build.0 = Release|Any CPU
		{CBAA2B60-7E54-4749-B9FF-158C420582B9}.Debug|Any CPU.ActiveCfg = Debug|Any CPU
		{CBAA2B60-7E54-4749-B9FF-158C420582B9}.Debug|Any CPU.Build.0 = Debug|Any CPU
		{CBAA2B60-7E54-4749-B9FF-158C420582B9}.Release|Any CPU.ActiveCfg = Release|Any CPU
		{CBAA2B60-7E54-4749-B9FF-158C420582B9}.Release|Any CPU.Build.0 = Release|Any CPU
	EndGlobalSection
	GlobalSection(SolutionProperties) = preSolution
		HideSolutionNode = FALSE
	EndGlobalSection
	GlobalSection(NestedProjects) = preSolution
		{CBAA2B60-7E54-4749-B9FF-158C420582B9} = {D771835A-FB4A-4459-8F8A-4B9FFC7DCE6F}
	EndGlobalSection
	GlobalSection(ExtensibilityGlobals) = postSolution
		SolutionGuid = {048ADC5E-3658-4BF7-B1FC-13E6FB2DFC12}
	EndGlobalSection
EndGlobal
